
Microsoft Visual Studio Solution File, Format Version 12.00
# Visual Studio 15
Project("{FAE04EC0-301F-11D3-BF4B-00C04F79EFBC}") = "StrayFogUnity3d", "EditorStrayFog.csproj", "{6AA1889A-415C-1DE9-85B5-C84B4163B38E}"
EndProject
Project("{FAE04EC0-301F-11D3-BF4B-00C04F79EFBC}") = "StrayFogUnity3d", "StrayFogCore.csproj", "{5E0AF36A-CFFD-D41A-260B-A77323847A81}"
EndProject
Project("{FAE04EC0-301F-11D3-BF4B-00C04F79EFBC}") = "StrayFogUnity3d", "ZGame.csproj", "{4E9B6633-B85D-D77A-D110-09863B5FCB6B}"
EndProject
Project("{FAE04EC0-301F-11D3-BF4B-00C04F79EFBC}") = "StrayFogUnity3d", "StrayFogRunning.csproj", "{F1CD2B3C-037F-1A41-A76D-79343935D540}"
EndProject
Global
	GlobalSection(SolutionConfigurationPlatforms) = preSolution
		Debug|Any CPU = Debug|Any CPU
		Release|Any CPU = Release|Any CPU
	EndGlobalSection
	GlobalSection(ProjectConfigurationPlatforms) = postSolution
		{6AA1889A-415C-1DE9-85B5-C84B4163B38E}.Debug|Any CPU.ActiveCfg = Debug|Any CPU
		{6AA1889A-415C-1DE9-85B5-C84B4163B38E}.Debug|Any CPU.Build.0 = Debug|Any CPU
		{6AA1889A-415C-1DE9-85B5-C84B4163B38E}.Release|Any CPU.ActiveCfg = Release|Any CPU
		{6AA1889A-415C-1DE9-85B5-C84B4163B38E}.Release|Any CPU.Build.0 = Release|Any CPU
		{5E0AF36A-CFFD-D41A-260B-A77323847A81}.Debug|Any CPU.ActiveCfg = Debug|Any CPU
		{5E0AF36A-CFFD-D41A-260B-A77323847A81}.Debug|Any CPU.Build.0 = Debug|Any CPU
		{5E0AF36A-CFFD-D41A-260B-A77323847A81}.Release|Any CPU.ActiveCfg = Release|Any CPU
		{5E0AF36A-CFFD-D41A-260B-A77323847A81}.Release|Any CPU.Build.0 = Release|Any CPU
		{4E9B6633-B85D-D77A-D110-09863B5FCB6B}.Debug|Any CPU.ActiveCfg = Debug|Any CPU
		{4E9B6633-B85D-D77A-D110-09863B5FCB6B}.Debug|Any CPU.Build.0 = Debug|Any CPU
		{4E9B6633-B85D-D77A-D110-09863B5FCB6B}.Release|Any CPU.ActiveCfg = Release|Any CPU
		{4E9B6633-B85D-D77A-D110-09863B5FCB6B}.Release|Any CPU.Build.0 = Release|Any CPU
		{F1CD2B3C-037F-1A41-A76D-79343935D540}.Debug|Any CPU.ActiveCfg = Debug|Any CPU
		{F1CD2B3C-037F-1A41-A76D-79343935D540}.Debug|Any CPU.Build.0 = Debug|Any CPU
		{F1CD2B3C-037F-1A41-A76D-79343935D540}.Release|Any CPU.ActiveCfg = Release|Any CPU
		{F1CD2B3C-037F-1A41-A76D-79343935D540}.Release|Any CPU.Build.0 = Release|Any CPU
	EndGlobalSection
	GlobalSection(SolutionProperties) = preSolution
		HideSolutionNode = FALSE
	EndGlobalSection
EndGlobal
